
Microsoft Visual Studio Solution File, Format Version 12.00
# Visual Studio Version 17
VisualStudioVersion = 17.5.002.0
MinimumVisualStudioVersion = 10.0.40219.1
Project("{2150E333-8FDC-42A3-9474-1A3956D46DE8}") = "Files", "Files", "{1C8B4A0B-0361-453A-8946-82D172782812}"
EndProject
Project("{9A19103F-16F7-4668-BE54-9A1E7A4F7556}") = "CreateFiles", "Files\CreateFiles\CreateFiles.csproj", "{C062A443-E410-44E4-9E21-C989051EF8B7}"
EndProject
Project("{9A19103F-16F7-4668-BE54-9A1E7A4F7556}") = "Directories", "Files\Directories\Directories.csproj", "{BF08670E-9EDF-4238-95A6-7AAF809C75F1}"
EndProject
Project("{9A19103F-16F7-4668-BE54-9A1E7A4F7556}") = "FileInfo", "Files\FileInfo\FileInfo.csproj", "{FA21B077-8DAB-419F-8F84-7CD605552BFA}"
EndProject
Project("{9A19103F-16F7-4668-BE54-9A1E7A4F7556}") = "ReadWriteFiles", "Files\ReadWriteFiles\ReadWriteFiles.csproj", "{07303EC2-22BF-45B9-AD17-6253B24DEE36}"
EndProject
Project("{2150E333-8FDC-42A3-9474-1A3956D46DE8}") = "NumbersDates", "NumbersDates", "{6775B18D-42FB-47C1-A4B4-CE45C1115FFE}"
EndProject
Project("{9A19103F-16F7-4668-BE54-9A1E7A4F7556}") = "DateTimeClass", "NumbersDates\DateTimeClass\DateTimeClass.csproj", "{3816A8CB-30F1-4CBC-98E2-08C61682747E}"
EndProject
Project("{9A19103F-16F7-4668-BE54-9A1E7A4F7556}") = "FormatDates", "NumbersDates\FormatDates\FormatDates.csproj", "{A85196F5-39D9-4177-A63E-E3EA0A9F1F79}"
EndProject
Project("{9A19103F-16F7-4668-BE54-9A1E7A4F7556}") = "FormatNumbers", "NumbersDates\FormatNumbers\FormatNumbers.csproj", "{13CF03D4-5686-4220-9C51-A9821BB94139}"
EndProject
Project("{9A19103F-16F7-4668-BE54-9A1E7A4F7556}") = "ParseDates", "NumbersDates\ParseDates\ParseDates.csproj", "{E547D8B1-8310-4CA1-8A5A-6ADC752C0C87}"
EndProject
Project("{9A19103F-16F7-4668-BE54-9A1E7A4F7556}") = "ParseNumbers", "NumbersDates\ParseNumbers\ParseNumbers.csproj", "{E716A934-375B-442C-98DB-55F39A879E08}"
EndProject
Project("{2150E333-8FDC-42A3-9474-1A3956D46DE8}") = "Overview", "Overview", "{305C3C34-EE41-4DB3-8688-13A8E4C32995}"
EndProject
Project("{9A19103F-16F7-4668-BE54-9A1E7A4F7556}") = "DataTypes", "Overview\DataTypes\DataTypes.csproj", "{03C970BB-AE05-4482-9D05-A2B271B3346D}"
EndProject
Project("{9A19103F-16F7-4668-BE54-9A1E7A4F7556}") = "GarbageCollect", "Overview\GarbageCollect\GarbageCollect.csproj", "{F6F8F9EE-5E64-4F08-87D4-C3222536F65E}"
EndProject
Project("{9A19103F-16F7-4668-BE54-9A1E7A4F7556}") = "MyConsoleApp", "Overview\MyConsoleApp\MyConsoleApp.csproj", "{DE3B4FB4-479B-4560-B8B0-F6EF73F5F490}"
EndProject
Project("{2150E333-8FDC-42A3-9474-1A3956D46DE8}") = "Regex", "Regex", "{84711348-CA47-4CE9-8540-77F0F692A52B}"
EndProject
Project("{9A19103F-16F7-4668-BE54-9A1E7A4F7556}") = "Finding", "Regex\Finding\Finding.csproj", "{D3B88918-8436-492A-9C11-B17DE5B8AB1D}"
EndProject
Project("{9A19103F-16F7-4668-BE54-9A1E7A4F7556}") = "Replacing", "Regex\Replacing\Replacing.csproj", "{903632FB-38BD-4217-81F3-710C35507090}"
EndProject
Project("{9A19103F-16F7-4668-BE54-9A1E7A4F7556}") = "RegexTimeouts", "Regex\Timeouts\RegexTimeouts.csproj", "{95E63E58-4E1C-4AC6-88EF-F1667EC5C4A5}"
EndProject
Project("{2150E333-8FDC-42A3-9474-1A3956D46DE8}") = "Strings", "Strings", "{00278226-825D-4AFC-8B1D-EB026240ADFE}"
EndProject
Project("{9A19103F-16F7-4668-BE54-9A1E7A4F7556}") = "Formatting", "Strings\Formatting\Formatting.csproj", "{0F1A46C6-5008-4913-BAAE-CCBA3A1BE53E}"
EndProject
Project("{9A19103F-16F7-4668-BE54-9A1E7A4F7556}") = "Interpolation", "Strings\Interpolation\Interpolation.csproj", "{269460FD-FE4A-448B-9698-F20DD01C629E}"
EndProject
Project("{9A19103F-16F7-4668-BE54-9A1E7A4F7556}") = "Manipulation", "Strings\Manipulation\Manipulation.csproj", "{8A03F5D5-60A6-4BC4-8180-691E4777597F}"
EndProject
Project("{9A19103F-16F7-4668-BE54-9A1E7A4F7556}") = "Searching", "Strings\Searching\Searching.csproj", "{7A198C18-7D6C-403A-809F-C5AEA8C08D2C}"
EndProject
Global
	GlobalSection(SolutionConfigurationPlatforms) = preSolution
		Debug|Any CPU = Debug|Any CPU
		Release|Any CPU = Release|Any CPU
	EndGlobalSection
	GlobalSection(ProjectConfigurationPlatforms) = postSolution
		{C062A443-E410-44E4-9E21-C989051EF8B7}.Debug|Any CPU.ActiveCfg = Debug|Any CPU
		{C062A443-E410-44E4-9E21-C989051EF8B7}.Debug|Any CPU.Build.0 = Debug|Any CPU
		{C062A443-E410-44E4-9E21-C989051EF8B7}.Release|Any CPU.ActiveCfg = Release|Any CPU
		{C062A443-E410-44E4-9E21-C989051EF8B7}.Release|Any CPU.Build.0 = Release|Any CPU
		{BF08670E-9EDF-4238-95A6-7AAF809C75F1}.Debug|Any CPU.ActiveCfg = Debug|Any CPU
		{BF08670E-9EDF-4238-95A6-7AAF809C75F1}.Debug|Any CPU.Build.0 = Debug|Any CPU
		{BF08670E-9EDF-4238-95A6-7AAF809C75F1}.Release|Any CPU.ActiveCfg = Release|Any CPU
		{BF08670E-9EDF-4238-95A6-7AAF809C75F1}.Release|Any CPU.Build.0 = Release|Any CPU
		{FA21B077-8DAB-419F-8F84-7CD605552BFA}.Debug|Any CPU.ActiveCfg = Debug|Any CPU
		{FA21B077-8DAB-419F-8F84-7CD605552BFA}.Debug|Any CPU.Build.0 = Debug|Any CPU
		{FA21B077-8DAB-419F-8F84-7CD605552BFA}.Release|Any CPU.ActiveCfg = Release|Any CPU
		{FA21B077-8DAB-419F-8F84-7CD605552BFA}.Release|Any CPU.Build.0 = Release|Any CPU
		{07303EC2-22BF-45B9-AD17-6253B24DEE36}.Debug|Any CPU.ActiveCfg = Debug|Any CPU
		{07303EC2-22BF-45B9-AD17-6253B24DEE36}.Debug|Any CPU.Build.0 = Debug|Any CPU
		{07303EC2-22BF-45B9-AD17-6253B24DEE36}.Release|Any CPU.ActiveCfg = Release|Any CPU
		{07303EC2-22BF-45B9-AD17-6253B24DEE36}.Release|Any CPU.Build.0 = Release|Any CPU
		{3816A8CB-30F1-4CBC-98E2-08C61682747E}.Debug|Any CPU.ActiveCfg = Debug|Any CPU
		{3816A8CB-30F1-4CBC-98E2-08C61682747E}.Debug|Any CPU.Build.0 = Debug|Any CPU
		{3816A8CB-30F1-4CBC-98E2-08C61682747E}.Release|Any CPU.ActiveCfg = Release|Any CPU
		{3816A8CB-30F1-4CBC-98E2-08C61682747E}.Release|Any CPU.Build.0 = Release|Any CPU
		{A85196F5-39D9-4177-A63E-E3EA0A9F1F79}.Debug|Any CPU.ActiveCfg = Debug|Any CPU
		{A85196F5-39D9-4177-A63E-E3EA0A9F1F79}.Debug|Any CPU.Build.0 = Debug|Any CPU
		{A85196F5-39D9-4177-A63E-E3EA0A9F1F79}.Release|Any CPU.ActiveCfg = Release|Any CPU
		{A85196F5-39D9-4177-A63E-E3EA0A9F1F79}.Release|Any CPU.Build.0 = Release|Any CPU
		{13CF03D4-5686-4220-9C51-A9821BB94139}.Debug|Any CPU.ActiveCfg = Debug|Any CPU
		{13CF03D4-5686-4220-9C51-A9821BB94139}.Debug|Any CPU.Build.0 = Debug|Any CPU
		{13CF03D4-5686-4220-9C51-A9821BB94139}.Release|Any CPU.ActiveCfg = Release|Any CPU
		{13CF03D4-5686-4220-9C51-A9821BB94139}.Release|Any CPU.Build.0 = Release|Any CPU
		{E547D8B1-8310-4CA1-8A5A-6ADC752C0C87}.Debug|Any CPU.ActiveCfg = Debug|Any CPU
		{E547D8B1-8310-4CA1-8A5A-6ADC752C0C87}.Debug|Any CPU.Build.0 = Debug|Any CPU
		{E547D8B1-8310-4CA1-8A5A-6ADC752C0C87}.Release|Any CPU.ActiveCfg = Release|Any CPU
		{E547D8B1-8310-4CA1-8A5A-6ADC752C0C87}.Release|Any CPU.Build.0 = Release|Any CPU
		{E716A934-375B-442C-98DB-55F39A879E08}.Debug|Any CPU.ActiveCfg = Debug|Any CPU
		{E716A934-375B-442C-98DB-55F39A879E08}.Debug|Any CPU.Build.0 = Debug|Any CPU
		{E716A934-375B-442C-98DB-55F39A879E08}.Release|Any CPU.ActiveCfg = Release|Any CPU
		{E716A934-375B-442C-98DB-55F39A879E08}.Release|Any CPU.Build.0 = Release|Any CPU
		{03C970BB-AE05-4482-9D05-A2B271B3346D}.Debug|Any CPU.ActiveCfg = Debug|Any CPU
		{03C970BB-AE05-4482-9D05-A2B271B3346D}.Debug|Any CPU.Build.0 = Debug|Any CPU
		{03C970BB-AE05-4482-9D05-A2B271B3346D}.Release|Any CPU.ActiveCfg = Release|Any CPU
		{03C970BB-AE05-4482-9D05-A2B271B3346D}.Release|Any CPU.Build.0 = Release|Any CPU
		{F6F8F9EE-5E64-4F08-87D4-C3222536F65E}.Debug|Any CPU.ActiveCfg = Debug|Any CPU
		{F6F8F9EE-5E64-4F08-87D4-C3222536F65E}.Debug|Any CPU.Build.0 = Debug|Any CPU
		{F6F8F9EE-5E64-4F08-87D4-C3222536F65E}.Release|Any CPU.ActiveCfg = Release|Any CPU
		{F6F8F9EE-5E64-4F08-87D4-C3222536F65E}.Release|Any CPU.Build.0 = Release|Any CPU
		{DE3B4FB4-479B-4560-B8B0-F6EF73F5F490}.Debug|Any CPU.ActiveCfg = Debug|Any CPU
		{DE3B4FB4-479B-4560-B8B0-F6EF73F5F490}.Debug|Any CPU.Build.0 = Debug|Any CPU
		{DE3B4FB4-479B-4560-B8B0-F6EF73F5F490}.Release|Any CPU.ActiveCfg = Release|Any CPU
		{DE3B4FB4-479B-4560-B8B0-F6EF73F5F490}.Release|Any CPU.Build.0 = Release|Any CPU
		{D3B88918-8436-492A-9C11-B17DE5B8AB1D}.Debug|Any CPU.ActiveCfg = Debug|Any CPU
		{D3B88918-8436-492A-9C11-B17DE5B8AB1D}.Debug|Any CPU.Build.0 = Debug|Any CPU
		{D3B88918-8436-492A-9C11-B17DE5B8AB1D}.Release|Any CPU.ActiveCfg = Release|Any CPU
		{D3B88918-8436-492A-9C11-B17DE5B8AB1D}.Release|Any CPU.Build.0 = Release|Any CPU
		{903632FB-38BD-4217-81F3-710C35507090}.Debug|Any CPU.ActiveCfg = Debug|Any CPU
		{903632FB-38BD-4217-81F3-710C35507090}.Debug|Any CPU.Build.0 = Debug|Any CPU
		{903632FB-38BD-4217-81F3-710C35507090}.Release|Any CPU.ActiveCfg = Release|Any CPU
		{903632FB-38BD-4217-81F3-710C35507090}.Release|Any CPU.Build.0 = Release|Any CPU
		{95E63E58-4E1C-4AC6-88EF-F1667EC5C4A5}.Debug|Any CPU.ActiveCfg = Debug|Any CPU
		{95E63E58-4E1C-4AC6-88EF-F1667EC5C4A5}.Debug|Any CPU.Build.0 = Debug|Any CPU
		{95E63E58-4E1C-4AC6-88EF-F1667EC5C4A5}.Release|Any CPU.ActiveCfg = Release|Any CPU
		{95E63E58-4E1C-4AC6-88EF-F1667EC5C4A5}.Release|Any CPU.Build.0 = Release|Any CPU
		{0F1A46C6-5008-4913-BAAE-CCBA3A1BE53E}.Debug|Any CPU.ActiveCfg = Debug|Any CPU
		{0F1A46C6-5008-4913-BAAE-CCBA3A1BE53E}.Debug|Any CPU.Build.0 = Debug|Any CPU
		{0F1A46C6-5008-4913-BAAE-CCBA3A1BE53E}.Release|Any CPU.ActiveCfg = Release|Any CPU
		{0F1A46C6-5008-4913-BAAE-CCBA3A1BE53E}.Release|Any CPU.Build.0 = Release|Any CPU
		{269460FD-FE4A-448B-9698-F20DD01C629E}.Debug|Any CPU.ActiveCfg = Debug|Any CPU
		{269460FD-FE4A-448B-9698-F20DD01C629E}.Debug|Any CPU.Build.0 = Debug|Any CPU
		{269460FD-FE4A-448B-9698-F20DD01C629E}.Release|Any CPU.ActiveCfg = Release|Any CPU
		{269460FD-FE4A-448B-9698-F20DD01C629E}.Release|Any CPU.Build.0 = Release|Any CPU
		{8A03F5D5-60A6-4BC4-8180-691E4777597F}.Debug|Any CPU.ActiveCfg = Debug|Any CPU
		{8A03F5D5-60A6-4BC4-8180-691E4777597F}.Debug|Any CPU.Build.0 = Debug|Any CPU
		{8A03F5D5-60A6-4BC4-8180-691E4777597F}.Release|Any CPU.ActiveCfg = Release|Any CPU
		{8A03F5D5-60A6-4BC4-8180-691E4777597F}.Release|Any CPU.Build.0 = Release|Any CPU
		{7A198C18-7D6C-403A-809F-C5AEA8C08D2C}.Debug|Any CPU.ActiveCfg = Debug|Any CPU
		{7A198C18-7D6C-403A-809F-C5AEA8C08D2C}.Debug|Any CPU.Build.0 = Debug|Any CPU
		{7A198C18-7D6C-403A-809F-C5AEA8C08D2C}.Release|Any CPU.ActiveCfg = Release|Any CPU
		{7A198C18-7D6C-403A-809F-C5AEA8C08D2C}.Release|Any CPU.Build.0 = Release|Any CPU
	EndGlobalSection
	GlobalSection(SolutionProperties) = preSolution
		HideSolutionNode = FALSE
	EndGlobalSection
	GlobalSection(NestedProjects) = preSolution
		{C062A443-E410-44E4-9E21-C989051EF8B7} = {1C8B4A0B-0361-453A-8946-82D172782812}
		{BF08670E-9EDF-4238-95A6-7AAF809C75F1} = {1C8B4A0B-0361-453A-8946-82D172782812}
		{FA21B077-8DAB-419F-8F84-7CD605552BFA} = {1C8B4A0B-0361-453A-8946-82D172782812}
		{07303EC2-22BF-45B9-AD17-6253B24DEE36} = {1C8B4A0B-0361-453A-8946-82D172782812}
		{3816A8CB-30F1-4CBC-98E2-08C61682747E} = {6775B18D-42FB-47C1-A4B4-CE45C1115FFE}
		{A85196F5-39D9-4177-A63E-E3EA0A9F1F79} = {6775B18D-42FB-47C1-A4B4-CE45C1115FFE}
		{13CF03D4-5686-4220-9C51-A9821BB94139} = {6775B18D-42FB-47C1-A4B4-CE45C1115FFE}
		{E547D8B1-8310-4CA1-8A5A-6ADC752C0C87} = {6775B18D-42FB-47C1-A4B4-CE45C1115FFE}
		{E716A934-375B-442C-98DB-55F39A879E08} = {6775B18D-42FB-47C1-A4B4-CE45C1115FFE}
		{03C970BB-AE05-4482-9D05-A2B271B3346D} = {305C3C34-EE41-4DB3-8688-13A8E4C32995}
		{F6F8F9EE-5E64-4F08-87D4-C3222536F65E} = {305C3C34-EE41-4DB3-8688-13A8E4C32995}
		{DE3B4FB4-479B-4560-B8B0-F6EF73F5F490} = {305C3C34-EE41-4DB3-8688-13A8E4C32995}
		{D3B88918-8436-492A-9C11-B17DE5B8AB1D} = {84711348-CA47-4CE9-8540-77F0F692A52B}
		{903632FB-38BD-4217-81F3-710C35507090} = {84711348-CA47-4CE9-8540-77F0F692A52B}
		{95E63E58-4E1C-4AC6-88EF-F1667EC5C4A5} = {84711348-CA47-4CE9-8540-77F0F692A52B}
		{0F1A46C6-5008-4913-BAAE-CCBA3A1BE53E} = {00278226-825D-4AFC-8B1D-EB026240ADFE}
		{269460FD-FE4A-448B-9698-F20DD01C629E} = {00278226-825D-4AFC-8B1D-EB026240ADFE}
		{8A03F5D5-60A6-4BC4-8180-691E4777597F} = {00278226-825D-4AFC-8B1D-EB026240ADFE}
		{7A198C18-7D6C-403A-809F-C5AEA8C08D2C} = {00278226-825D-4AFC-8B1D-EB026240ADFE}
	EndGlobalSection
	GlobalSection(ExtensibilityGlobals) = postSolution
		SolutionGuid = {2E4D0940-DD87-434D-976C-F7862CD61E81}
	EndGlobalSection
EndGlobal
